
Microsoft Visual Studio Solution File, Format Version 12.00
# Visual Studio Version 17
VisualStudioVersion = 17.11.35303.130
MinimumVisualStudioVersion = 10.0.40219.1
Project("{9A19103F-16F7-4668-BE54-9A1E7A4F7556}") = "API", "API\API.csproj", "{0D27E50B-E164-4CE1-87D2-9990DA78313C}"
EndProject
Project("{2150E333-8FDC-42A3-9474-1A3956D46DE8}") = "Solution Items", "Solution Items", "{20502C15-CCB2-4571-B1B6-0972699FA055}"
EndProject
Project("{FAE04EC0-301F-11D3-BF4B-00C04F79EFBC}") = "API.Tests", "API.Tests\API.Tests.csproj", "{FDF73430-4437-4FE1-A280-3EE1F0787A5B}"
EndProject
Global
	GlobalSection(SolutionConfigurationPlatforms) = preSolution
		Debug|Any CPU = Debug|Any CPU
		Release|Any CPU = Release|Any CPU
	EndGlobalSection
	GlobalSection(ProjectConfigurationPlatforms) = postSolution
		{0D27E50B-E164-4CE1-87D2-9990DA78313C}.Debug|Any CPU.ActiveCfg = Debug|Any CPU
		{0D27E50B-E164-4CE1-87D2-9990DA78313C}.Debug|Any CPU.Build.0 = Debug|Any CPU
		{0D27E50B-E164-4CE1-87D2-9990DA78313C}.Release|Any CPU.ActiveCfg = Release|Any CPU
		{0D27E50B-E164-4CE1-87D2-9990DA78313C}.Release|Any CPU.Build.0 = Release|Any CPU
		{FDF73430-4437-4FE1-A280-3EE1F0787A5B}.Debug|Any CPU.ActiveCfg = Debug|Any CPU
		{FDF73430-4437-4FE1-A280-3EE1F0787A5B}.Debug|Any CPU.Build.0 = Debug|Any CPU
		{FDF73430-4437-4FE1-A280-3EE1F0787A5B}.Release|Any CPU.ActiveCfg = Release|Any CPU
		{FDF73430-4437-4FE1-A280-3EE1F0787A5B}.Release|Any CPU.Build.0 = Release|Any CPU
	EndGlobalSection
	GlobalSection(SolutionProperties) = preSolution
		HideSolutionNode = FALSE
	EndGlobalSection
	GlobalSection(ExtensibilityGlobals) = postSolution
		SolutionGuid = {2F4419C6-3F18-412E-BBDE-4D9AB854102A}
	EndGlobalSection
EndGlobal
